
Microsoft Visual Studio Solution File, Format Version 12.00
# Visual Studio 15
VisualStudioVersion = 15.0.28307.329
MinimumVisualStudioVersion = 10.0.40219.1
Project("{FAE04EC0-301F-11D3-BF4B-00C04F79EFBC}") = "App4.Android", "App4\App4.Android\App4.Android.csproj", "{82C80922-C4C7-4BAB-8C20-CEDE0F7A6D37}"
EndProject
Project("{FAE04EC0-301F-11D3-BF4B-00C04F79EFBC}") = "App4.iOS", "App4\App4.iOS\App4.iOS.csproj", "{119EA33C-A0DC-45E2-A572-EB0F1E8A66C3}"
EndProject
Project("{FAE04EC0-301F-11D3-BF4B-00C04F79EFBC}") = "App4.UWP", "App4\App4.UWP\App4.UWP.csproj", "{071616AB-2CD3-41F8-BE11-A602C35049E6}"
EndProject
Project("{FAE04EC0-301F-11D3-BF4B-00C04F79EFBC}") = "App4", "App4\App4\App4.csproj", "{C6DAED89-C08B-4434-9101-DA359A3C5C27}"
EndProject
Global
	GlobalSection(SolutionConfigurationPlatforms) = preSolution
		Ad-Hoc|Any CPU = Ad-Hoc|Any CPU
		Ad-Hoc|ARM = Ad-Hoc|ARM
		Ad-Hoc|iPhone = Ad-Hoc|iPhone
		Ad-Hoc|iPhoneSimulator = Ad-Hoc|iPhoneSimulator
		Ad-Hoc|x64 = Ad-Hoc|x64
		Ad-Hoc|x86 = Ad-Hoc|x86
		AppStore|Any CPU = AppStore|Any CPU
		AppStore|ARM = AppStore|ARM
		AppStore|iPhone = AppStore|iPhone
		AppStore|iPhoneSimulator = AppStore|iPhoneSimulator
		AppStore|x64 = AppStore|x64
		AppStore|x86 = AppStore|x86
		Debug|Any CPU = Debug|Any CPU
		Debug|ARM = Debug|ARM
		Debug|iPhone = Debug|iPhone
		Debug|iPhoneSimulator = Debug|iPhoneSimulator
		Debug|x64 = Debug|x64
		Debug|x86 = Debug|x86
		Release|Any CPU = Release|Any CPU
		Release|ARM = Release|ARM
		Release|iPhone = Release|iPhone
		Release|iPhoneSimulator = Release|iPhoneSimulator
		Release|x64 = Release|x64
		Release|x86 = Release|x86
	EndGlobalSection
	GlobalSection(ProjectConfigurationPlatforms) = postSolution
		{82C80922-C4C7-4BAB-8C20-CEDE0F7A6D37}.Ad-Hoc|Any CPU.ActiveCfg = Release|Any CPU
		{82C80922-C4C7-4BAB-8C20-CEDE0F7A6D37}.Ad-Hoc|Any CPU.Build.0 = Release|Any CPU
		{82C80922-C4C7-4BAB-8C20-CEDE0F7A6D37}.Ad-Hoc|Any CPU.Deploy.0 = Release|Any CPU
		{82C80922-C4C7-4BAB-8C20-CEDE0F7A6D37}.Ad-Hoc|ARM.ActiveCfg = Release|Any CPU
		{82C80922-C4C7-4BAB-8C20-CEDE0F7A6D37}.Ad-Hoc|ARM.Build.0 = Release|Any CPU
		{82C80922-C4C7-4BAB-8C20-CEDE0F7A6D37}.Ad-Hoc|ARM.Deploy.0 = Release|Any CPU
		{82C80922-C4C7-4BAB-8C20-CEDE0F7A6D37}.Ad-Hoc|iPhone.ActiveCfg = Release|Any CPU
		{82C80922-C4C7-4BAB-8C20-CEDE0F7A6D37}.Ad-Hoc|iPhone.Build.0 = Release|Any CPU
		{82C80922-C4C7-4BAB-8C20-CEDE0F7A6D37}.Ad-Hoc|iPhone.Deploy.0 = Release|Any CPU
		{82C80922-C4C7-4BAB-8C20-CEDE0F7A6D37}.Ad-Hoc|iPhoneSimulator.ActiveCfg = Release|Any CPU
		{82C80922-C4C7-4BAB-8C20-CEDE0F7A6D37}.Ad-Hoc|iPhoneSimulator.Build.0 = Release|Any CPU
		{82C80922-C4C7-4BAB-8C20-CEDE0F7A6D37}.Ad-Hoc|iPhoneSimulator.Deploy.0 = Release|Any CPU
		{82C80922-C4C7-4BAB-8C20-CEDE0F7A6D37}.Ad-Hoc|x64.ActiveCfg = Release|Any CPU
		{82C80922-C4C7-4BAB-8C20-CEDE0F7A6D37}.Ad-Hoc|x64.Build.0 = Release|Any CPU
		{82C80922-C4C7-4BAB-8C20-CEDE0F7A6D37}.Ad-Hoc|x64.Deploy.0 = Release|Any CPU
		{82C80922-C4C7-4BAB-8C20-CEDE0F7A6D37}.Ad-Hoc|x86.ActiveCfg = Release|Any CPU
		{82C80922-C4C7-4BAB-8C20-CEDE0F7A6D37}.Ad-Hoc|x86.Build.0 = Release|Any CPU
		{82C80922-C4C7-4BAB-8C20-CEDE0F7A6D37}.Ad-Hoc|x86.Deploy.0 = Release|Any CPU
		{82C80922-C4C7-4BAB-8C20-CEDE0F7A6D37}.AppStore|Any CPU.ActiveCfg = Release|Any CPU
		{82C80922-C4C7-4BAB-8C20-CEDE0F7A6D37}.AppStore|Any CPU.Build.0 = Release|Any CPU
		{82C80922-C4C7-4BAB-8C20-CEDE0F7A6D37}.AppStore|Any CPU.Deploy.0 = Release|Any CPU
		{82C80922-C4C7-4BAB-8C20-CEDE0F7A6D37}.AppStore|ARM.ActiveCfg = Release|Any CPU
		{82C80922-C4C7-4BAB-8C20-CEDE0F7A6D37}.AppStore|ARM.Build.0 = Release|Any CPU
		{82C80922-C4C7-4BAB-8C20-CEDE0F7A6D37}.AppStore|ARM.Deploy.0 = Release|Any CPU
		{82C80922-C4C7-4BAB-8C20-CEDE0F7A6D37}.AppStore|iPhone.ActiveCfg = Release|Any CPU
		{82C80922-C4C7-4BAB-8C20-CEDE0F7A6D37}.AppStore|iPhone.Build.0 = Release|Any CPU
		{82C80922-C4C7-4BAB-8C20-CEDE0F7A6D37}.AppStore|iPhone.Deploy.0 = Release|Any CPU
		{82C80922-C4C7-4BAB-8C20-CEDE0F7A6D37}.AppStore|iPhoneSimulator.ActiveCfg = Release|Any CPU
		{82C80922-C4C7-4BAB-8C20-CEDE0F7A6D37}.AppStore|iPhoneSimulator.Build.0 = Release|Any CPU
		{82C80922-C4C7-4BAB-8C20-CEDE0F7A6D37}.AppStore|iPhoneSimulator.Deploy.0 = Release|Any CPU
		{82C80922-C4C7-4BAB-8C20-CEDE0F7A6D37}.AppStore|x64.ActiveCfg = Release|Any CPU
		{82C80922-C4C7-4BAB-8C20-CEDE0F7A6D37}.AppStore|x64.Build.0 = Release|Any CPU
		{82C80922-C4C7-4BAB-8C20-CEDE0F7A6D37}.AppStore|x64.Deploy.0 = Release|Any CPU
		{82C80922-C4C7-4BAB-8C20-CEDE0F7A6D37}.AppStore|x86.ActiveCfg = Release|Any CPU
		{82C80922-C4C7-4BAB-8C20-CEDE0F7A6D37}.AppStore|x86.Build.0 = Release|Any CPU
		{82C80922-C4C7-4BAB-8C20-CEDE0F7A6D37}.AppStore|x86.Deploy.0 = Release|Any CPU
		{82C80922-C4C7-4BAB-8C20-CEDE0F7A6D37}.Debug|Any CPU.ActiveCfg = Debug|Any CPU
		{82C80922-C4C7-4BAB-8C20-CEDE0F7A6D37}.Debug|Any CPU.Build.0 = Debug|Any CPU
		{82C80922-C4C7-4BAB-8C20-CEDE0F7A6D37}.Debug|Any CPU.Deploy.0 = Debug|Any CPU
		{82C80922-C4C7-4BAB-8C20-CEDE0F7A6D37}.Debug|ARM.ActiveCfg = Debug|Any CPU
		{82C80922-C4C7-4BAB-8C20-CEDE0F7A6D37}.Debug|ARM.Build.0 = Debug|Any CPU
		{82C80922-C4C7-4BAB-8C20-CEDE0F7A6D37}.Debug|ARM.Deploy.0 = Debug|Any CPU
		{82C80922-C4C7-4BAB-8C20-CEDE0F7A6D37}.Debug|iPhone.ActiveCfg = Debug|Any CPU
		{82C80922-C4C7-4BAB-8C20-CEDE0F7A6D37}.Debug|iPhone.Build.0 = Debug|Any CPU
		{82C80922-C4C7-4BAB-8C20-CEDE0F7A6D37}.Debug|iPhone.Deploy.0 = Debug|Any CPU
		{82C80922-C4C7-4BAB-8C20-CEDE0F7A6D37}.Debug|iPhoneSimulator.ActiveCfg = Debug|Any CPU
		{82C80922-C4C7-4BAB-8C20-CEDE0F7A6D37}.Debug|iPhoneSimulator.Build.0 = Debug|Any CPU
		{82C80922-C4C7-4BAB-8C20-CEDE0F7A6D37}.Debug|iPhoneSimulator.Deploy.0 = Debug|Any CPU
		{82C80922-C4C7-4BAB-8C20-CEDE0F7A6D37}.Debug|x64.ActiveCfg = Debug|Any CPU
		{82C80922-C4C7-4BAB-8C20-CEDE0F7A6D37}.Debug|x64.Build.0 = Debug|Any CPU
		{82C80922-C4C7-4BAB-8C20-CEDE0F7A6D37}.Debug|x64.Deploy.0 = Debug|Any CPU
		{82C80922-C4C7-4BAB-8C20-CEDE0F7A6D37}.Debug|x86.ActiveCfg = Debug|Any CPU
		{82C80922-C4C7-4BAB-8C20-CEDE0F7A6D37}.Debug|x86.Build.0 = Debug|Any CPU
		{82C80922-C4C7-4BAB-8C20-CEDE0F7A6D37}.Debug|x86.Deploy.0 = Debug|Any CPU
		{82C80922-C4C7-4BAB-8C20-CEDE0F7A6D37}.Release|Any CPU.ActiveCfg = Release|Any CPU
		{82C80922-C4C7-4BAB-8C20-CEDE0F7A6D37}.Release|Any CPU.Build.0 = Release|Any CPU
		{82C80922-C4C7-4BAB-8C20-CEDE0F7A6D37}.Release|Any CPU.Deploy.0 = Release|Any CPU
		{82C80922-C4C7-4BAB-8C20-CEDE0F7A6D37}.Release|ARM.ActiveCfg = Release|Any CPU
		{82C80922-C4C7-4BAB-8C20-CEDE0F7A6D37}.Release|ARM.Build.0 = Release|Any CPU
		{82C80922-C4C7-4BAB-8C20-CEDE0F7A6D37}.Release|ARM.Deploy.0 = Release|Any CPU
		{82C80922-C4C7-4BAB-8C20-CEDE0F7A6D37}.Release|iPhone.ActiveCfg = Release|Any CPU
		{82C80922-C4C7-4BAB-8C20-CEDE0F7A6D37}.Release|iPhone.Build.0 = Release|Any CPU
		{82C80922-C4C7-4BAB-8C20-CEDE0F7A6D37}.Release|iPhone.Deploy.0 = Release|Any CPU
		{82C80922-C4C7-4BAB-8C20-CEDE0F7A6D37}.Release|iPhoneSimulator.ActiveCfg = Release|Any CPU
		{82C80922-C4C7-4BAB-8C20-CEDE0F7A6D37}.Release|iPhoneSimulator.Build.0 = Release|Any CPU
		{82C80922-C4C7-4BAB-8C20-CEDE0F7A6D37}.Release|iPhoneSimulator.Deploy.0 = Release|Any CPU
		{82C80922-C4C7-4BAB-8C20-CEDE0F7A6D37}.Release|x64.ActiveCfg = Release|Any CPU
		{82C80922-C4C7-4BAB-8C20-CEDE0F7A6D37}.Release|x64.Build.0 = Release|Any CPU
		{82C80922-C4C7-4BAB-8C20-CEDE0F7A6D37}.Release|x64.Deploy.0 = Release|Any CPU
		{82C80922-C4C7-4BAB-8C20-CEDE0F7A6D37}.Release|x86.ActiveCfg = Release|Any CPU
		{82C80922-C4C7-4BAB-8C20-CEDE0F7A6D37}.Release|x86.Build.0 = Release|Any CPU
		{82C80922-C4C7-4BAB-8C20-CEDE0F7A6D37}.Release|x86.Deploy.0 = Release|Any CPU
		{119EA33C-A0DC-45E2-A572-EB0F1E8A66C3}.Ad-Hoc|Any CPU.ActiveCfg = Ad-Hoc|iPhone
		{119EA33C-A0DC-45E2-A572-EB0F1E8A66C3}.Ad-Hoc|Any CPU.Build.0 = Ad-Hoc|iPhone
		{119EA33C-A0DC-45E2-A572-EB0F1E8A66C3}.Ad-Hoc|Any CPU.Deploy.0 = Ad-Hoc|iPhone
		{119EA33C-A0DC-45E2-A572-EB0F1E8A66C3}.Ad-Hoc|ARM.ActiveCfg = Ad-Hoc|iPhone
		{119EA33C-A0DC-45E2-A572-EB0F1E8A66C3}.Ad-Hoc|ARM.Build.0 = Ad-Hoc|iPhone
		{119EA33C-A0DC-45E2-A572-EB0F1E8A66C3}.Ad-Hoc|ARM.Deploy.0 = Ad-Hoc|iPhone
		{119EA33C-A0DC-45E2-A572-EB0F1E8A66C3}.Ad-Hoc|iPhone.ActiveCfg = Ad-Hoc|iPhone
		{119EA33C-A0DC-45E2-A572-EB0F1E8A66C3}.Ad-Hoc|iPhone.Build.0 = Ad-Hoc|iPhone
		{119EA33C-A0DC-45E2-A572-EB0F1E8A66C3}.Ad-Hoc|iPhone.Deploy.0 = Ad-Hoc|iPhone
		{119EA33C-A0DC-45E2-A572-EB0F1E8A66C3}.Ad-Hoc|iPhoneSimulator.ActiveCfg = Ad-Hoc|iPhoneSimulator
		{119EA33C-A0DC-45E2-A572-EB0F1E8A66C3}.Ad-Hoc|iPhoneSimulator.Build.0 = Ad-Hoc|iPhoneSimulator
		{119EA33C-A0DC-45E2-A572-EB0F1E8A66C3}.Ad-Hoc|iPhoneSimulator.Deploy.0 = Ad-Hoc|iPhoneSimulator
		{119EA33C-A0DC-45E2-A572-EB0F1E8A66C3}.Ad-Hoc|x64.ActiveCfg = Ad-Hoc|iPhone
		{119EA33C-A0DC-45E2-A572-EB0F1E8A66C3}.Ad-Hoc|x64.Build.0 = Ad-Hoc|iPhone
		{119EA33C-A0DC-45E2-A572-EB0F1E8A66C3}.Ad-Hoc|x64.Deploy.0 = Ad-Hoc|iPhone
		{119EA33C-A0DC-45E2-A572-EB0F1E8A66C3}.Ad-Hoc|x86.ActiveCfg = Ad-Hoc|iPhone
		{119EA33C-A0DC-45E2-A572-EB0F1E8A66C3}.Ad-Hoc|x86.Build.0 = Ad-Hoc|iPhone
		{119EA33C-A0DC-45E2-A572-EB0F1E8A66C3}.Ad-Hoc|x86.Deploy.0 = Ad-Hoc|iPhone
		{119EA33C-A0DC-45E2-A572-EB0F1E8A66C3}.AppStore|Any CPU.ActiveCfg = AppStore|iPhone
		{119EA33C-A0DC-45E2-A572-EB0F1E8A66C3}.AppStore|Any CPU.Build.0 = AppStore|iPhone
		{119EA33C-A0DC-45E2-A572-EB0F1E8A66C3}.AppStore|Any CPU.Deploy.0 = AppStore|iPhone
		{119EA33C-A0DC-45E2-A572-EB0F1E8A66C3}.AppStore|ARM.ActiveCfg = AppStore|iPhone
		{119EA33C-A0DC-45E2-A572-EB0F1E8A66C3}.AppStore|ARM.Build.0 = AppStore|iPhone
		{119EA33C-A0DC-45E2-A572-EB0F1E8A66C3}.AppStore|ARM.Deploy.0 = AppStore|iPhone
		{119EA33C-A0DC-45E2-A572-EB0F1E8A66C3}.AppStore|iPhone.ActiveCfg = AppStore|iPhone
		{119EA33C-A0DC-45E2-A572-EB0F1E8A66C3}.AppStore|iPhone.Build.0 = AppStore|iPhone
		{119EA33C-A0DC-45E2-A572-EB0F1E8A66C3}.AppStore|iPhone.Deploy.0 = AppStore|iPhone
		{119EA33C-A0DC-45E2-A572-EB0F1E8A66C3}.AppStore|iPhoneSimulator.ActiveCfg = AppStore|iPhoneSimulator
		{119EA33C-A0DC-45E2-A572-EB0F1E8A66C3}.AppStore|iPhoneSimulator.Build.0 = AppStore|iPhoneSimulator
		{119EA33C-A0DC-45E2-A572-EB0F1E8A66C3}.AppStore|iPhoneSimulator.Deploy.0 = AppStore|iPhoneSimulator
		{119EA33C-A0DC-45E2-A572-EB0F1E8A66C3}.AppStore|x64.ActiveCfg = AppStore|iPhone
		{119EA33C-A0DC-45E2-A572-EB0F1E8A66C3}.AppStore|x64.Build.0 = AppStore|iPhone
		{119EA33C-A0DC-45E2-A572-EB0F1E8A66C3}.AppStore|x64.Deploy.0 = AppStore|iPhone
		{119EA33C-A0DC-45E2-A572-EB0F1E8A66C3}.AppStore|x86.ActiveCfg = AppStore|iPhone
		{119EA33C-A0DC-45E2-A572-EB0F1E8A66C3}.AppStore|x86.Build.0 = AppStore|iPhone
		{119EA33C-A0DC-45E2-A572-EB0F1E8A66C3}.AppStore|x86.Deploy.0 = AppStore|iPhone
		{119EA33C-A0DC-45E2-A572-EB0F1E8A66C3}.Debug|Any CPU.ActiveCfg = Debug|iPhoneSimulator
		{119EA33C-A0DC-45E2-A572-EB0F1E8A66C3}.Debug|Any CPU.Build.0 = Debug|iPhoneSimulator
		{119EA33C-A0DC-45E2-A572-EB0F1E8A66C3}.Debug|Any CPU.Deploy.0 = Debug|iPhoneSimulator
		{119EA33C-A0DC-45E2-A572-EB0F1E8A66C3}.Debug|ARM.ActiveCfg = Debug|iPhone
		{119EA33C-A0DC-45E2-A572-EB0F1E8A66C3}.Debug|ARM.Build.0 = Debug|iPhone
		{119EA33C-A0DC-45E2-A572-EB0F1E8A66C3}.Debug|ARM.Deploy.0 = Debug|iPhone
		{119EA33C-A0DC-45E2-A572-EB0F1E8A66C3}.Debug|iPhone.ActiveCfg = Debug|iPhone
		{119EA33C-A0DC-45E2-A572-EB0F1E8A66C3}.Debug|iPhone.Build.0 = Debug|iPhone
		{119EA33C-A0DC-45E2-A572-EB0F1E8A66C3}.Debug|iPhone.Deploy.0 = Debug|iPhone
		{119EA33C-A0DC-45E2-A572-EB0F1E8A66C3}.Debug|iPhoneSimulator.ActiveCfg = Debug|iPhoneSimulator
		{119EA33C-A0DC-45E2-A572-EB0F1E8A66C3}.Debug|iPhoneSimulator.Build.0 = Debug|iPhoneSimulator
		{119EA33C-A0DC-45E2-A572-EB0F1E8A66C3}.Debug|iPhoneSimulator.Deploy.0 = Debug|iPhoneSimulator
		{119EA33C-A0DC-45E2-A572-EB0F1E8A66C3}.Debug|x64.ActiveCfg = Debug|iPhone
		{119EA33C-A0DC-45E2-A572-EB0F1E8A66C3}.Debug|x64.Build.0 = Debug|iPhone
		{119EA33C-A0DC-45E2-A572-EB0F1E8A66C3}.Debug|x64.Deploy.0 = Debug|iPhone
		{119EA33C-A0DC-45E2-A572-EB0F1E8A66C3}.Debug|x86.ActiveCfg = Debug|iPhone
		{119EA33C-A0DC-45E2-A572-EB0F1E8A66C3}.Debug|x86.Build.0 = Debug|iPhone
		{119EA33C-A0DC-45E2-A572-EB0F1E8A66C3}.Debug|x86.Deploy.0 = Debug|iPhone
		{119EA33C-A0DC-45E2-A572-EB0F1E8A66C3}.Release|Any CPU.ActiveCfg = Release|iPhone
		{119EA33C-A0DC-45E2-A572-EB0F1E8A66C3}.Release|Any CPU.Build.0 = Release|iPhone
		{119EA33C-A0DC-45E2-A572-EB0F1E8A66C3}.Release|Any CPU.Deploy.0 = Release|iPhone
		{119EA33C-A0DC-45E2-A572-EB0F1E8A66C3}.Release|ARM.ActiveCfg = Release|iPhone
		{119EA33C-A0DC-45E2-A572-EB0F1E8A66C3}.Release|ARM.Build.0 = Release|iPhone
		{119EA33C-A0DC-45E2-A572-EB0F1E8A66C3}.Release|ARM.Deploy.0 = Release|iPhone
		{119EA33C-A0DC-45E2-A572-EB0F1E8A66C3}.Release|iPhone.ActiveCfg = Release|iPhone
		{119EA33C-A0DC-45E2-A572-EB0F1E8A66C3}.Release|iPhone.Build.0 = Release|iPhone
		{119EA33C-A0DC-45E2-A572-EB0F1E8A66C3}.Release|iPhone.Deploy.0 = Release|iPhone
		{119EA33C-A0DC-45E2-A572-EB0F1E8A66C3}.Release|iPhoneSimulator.ActiveCfg = Release|iPhoneSimulator
		{119EA33C-A0DC-45E2-A572-EB0F1E8A66C3}.Release|iPhoneSimulator.Build.0 = Release|iPhoneSimulator
		{119EA33C-A0DC-45E2-A572-EB0F1E8A66C3}.Release|iPhoneSimulator.Deploy.0 = Release|iPhoneSimulator
		{119EA33C-A0DC-45E2-A572-EB0F1E8A66C3}.Release|x64.ActiveCfg = Release|iPhone
		{119EA33C-A0DC-45E2-A572-EB0F1E8A66C3}.Release|x64.Build.0 = Release|iPhone
		{119EA33C-A0DC-45E2-A572-EB0F1E8A66C3}.Release|x64.Deploy.0 = Release|iPhone
		{119EA33C-A0DC-45E2-A572-EB0F1E8A66C3}.Release|x86.ActiveCfg = Release|iPhone
		{119EA33C-A0DC-45E2-A572-EB0F1E8A66C3}.Release|x86.Build.0 = Release|iPhone
		{119EA33C-A0DC-45E2-A572-EB0F1E8A66C3}.Release|x86.Deploy.0 = Release|iPhone
		{071616AB-2CD3-41F8-BE11-A602C35049E6}.Ad-Hoc|Any CPU.ActiveCfg = Release|x86
		{071616AB-2CD3-41F8-BE11-A602C35049E6}.Ad-Hoc|Any CPU.Build.0 = Release|x86
		{071616AB-2CD3-41F8-BE11-A602C35049E6}.Ad-Hoc|Any CPU.Deploy.0 = Release|x86
		{071616AB-2CD3-41F8-BE11-A602C35049E6}.Ad-Hoc|ARM.ActiveCfg = Release|ARM
		{071616AB-2CD3-41F8-BE11-A602C35049E6}.Ad-Hoc|ARM.Build.0 = Release|ARM
		{071616AB-2CD3-41F8-BE11-A602C35049E6}.Ad-Hoc|ARM.Deploy.0 = Release|ARM
		{071616AB-2CD3-41F8-BE11-A602C35049E6}.Ad-Hoc|iPhone.ActiveCfg = Release|x86
		{071616AB-2CD3-41F8-BE11-A602C35049E6}.Ad-Hoc|iPhone.Build.0 = Release|x86
		{071616AB-2CD3-41F8-BE11-A602C35049E6}.Ad-Hoc|iPhone.Deploy.0 = Release|x86
		{071616AB-2CD3-41F8-BE11-A602C35049E6}.Ad-Hoc|iPhoneSimulator.ActiveCfg = Release|x86
		{071616AB-2CD3-41F8-BE11-A602C35049E6}.Ad-Hoc|iPhoneSimulator.Build.0 = Release|x86
		{071616AB-2CD3-41F8-BE11-A602C35049E6}.Ad-Hoc|iPhoneSimulator.Deploy.0 = Release|x86
		{071616AB-2CD3-41F8-BE11-A602C35049E6}.Ad-Hoc|x64.ActiveCfg = Release|x64
		{071616AB-2CD3-41F8-BE11-A602C35049E6}.Ad-Hoc|x64.Build.0 = Release|x64
		{071616AB-2CD3-41F8-BE11-A602C35049E6}.Ad-Hoc|x64.Deploy.0 = Release|x64
		{071616AB-2CD3-41F8-BE11-A602C35049E6}.Ad-Hoc|x86.ActiveCfg = Release|x86
		{071616AB-2CD3-41F8-BE11-A602C35049E6}.Ad-Hoc|x86.Build.0 = Release|x86
		{071616AB-2CD3-41F8-BE11-A602C35049E6}.Ad-Hoc|x86.Deploy.0 = Release|x86
		{071616AB-2CD3-41F8-BE11-A602C35049E6}.AppStore|Any CPU.ActiveCfg = Release|x86
		{071616AB-2CD3-41F8-BE11-A602C35049E6}.AppStore|Any CPU.Build.0 = Release|x86
		{071616AB-2CD3-41F8-BE11-A602C35049E6}.AppStore|Any CPU.Deploy.0 = Release|x86
		{071616AB-2CD3-41F8-BE11-A602C35049E6}.AppStore|ARM.ActiveCfg = Release|ARM
		{071616AB-2CD3-41F8-BE11-A602C35049E6}.AppStore|ARM.Build.0 = Release|ARM
		{071616AB-2CD3-41F8-BE11-A602C35049E6}.AppStore|ARM.Deploy.0 = Release|ARM
		{071616AB-2CD3-41F8-BE11-A602C35049E6}.AppStore|iPhone.ActiveCfg = Release|x86
		{071616AB-2CD3-41F8-BE11-A602C35049E6}.AppStore|iPhone.Build.0 = Release|x86
		{071616AB-2CD3-41F8-BE11-A602C35049E6}.AppStore|iPhone.Deploy.0 = Release|x86
		{071616AB-2CD3-41F8-BE11-A602C35049E6}.AppStore|iPhoneSimulator.ActiveCfg = Release|x86
		{071616AB-2CD3-41F8-BE11-A602C35049E6}.AppStore|iPhoneSimulator.Build.0 = Release|x86
		{071616AB-2CD3-41F8-BE11-A602C35049E6}.AppStore|iPhoneSimulator.Deploy.0 = Release|x86
		{071616AB-2CD3-41F8-BE11-A602C35049E6}.AppStore|x64.ActiveCfg = Release|x64
		{071616AB-2CD3-41F8-BE11-A602C35049E6}.AppStore|x64.Build.0 = Release|x64
		{071616AB-2CD3-41F8-BE11-A602C35049E6}.AppStore|x64.Deploy.0 = Release|x64
		{071616AB-2CD3-41F8-BE11-A602C35049E6}.AppStore|x86.ActiveCfg = Release|x86
		{071616AB-2CD3-41F8-BE11-A602C35049E6}.AppStore|x86.Build.0 = Release|x86
		{071616AB-2CD3-41F8-BE11-A602C35049E6}.AppStore|x86.Deploy.0 = Release|x86
		{071616AB-2CD3-41F8-BE11-A602C35049E6}.Debug|Any CPU.ActiveCfg = Debug|x86
		{071616AB-2CD3-41F8-BE11-A602C35049E6}.Debug|Any CPU.Build.0 = Debug|x86
		{071616AB-2CD3-41F8-BE11-A602C35049E6}.Debug|Any CPU.Deploy.0 = Debug|x86
		{071616AB-2CD3-41F8-BE11-A602C35049E6}.Debug|ARM.ActiveCfg = Debug|ARM
		{071616AB-2CD3-41F8-BE11-A602C35049E6}.Debug|ARM.Build.0 = Debug|ARM
		{071616AB-2CD3-41F8-BE11-A602C35049E6}.Debug|ARM.Deploy.0 = Debug|ARM
		{071616AB-2CD3-41F8-BE11-A602C35049E6}.Debug|iPhone.ActiveCfg = Debug|x86
		{071616AB-2CD3-41F8-BE11-A602C35049E6}.Debug|iPhone.Build.0 = Debug|x86
		{071616AB-2CD3-41F8-BE11-A602C35049E6}.Debug|iPhone.Deploy.0 = Debug|x86
		{071616AB-2CD3-41F8-BE11-A602C35049E6}.Debug|iPhoneSimulator.ActiveCfg = Debug|x86
		{071616AB-2CD3-41F8-BE11-A602C35049E6}.Debug|iPhoneSimulator.Build.0 = Debug|x86
		{071616AB-2CD3-41F8-BE11-A602C35049E6}.Debug|iPhoneSimulator.Deploy.0 = Debug|x86
		{071616AB-2CD3-41F8-BE11-A602C35049E6}.Debug|x64.ActiveCfg = Debug|x64
		{071616AB-2CD3-41F8-BE11-A602C35049E6}.Debug|x64.Build.0 = Debug|x64
		{071616AB-2CD3-41F8-BE11-A602C35049E6}.Debug|x64.Deploy.0 = Debug|x64
		{071616AB-2CD3-41F8-BE11-A602C35049E6}.Debug|x86.ActiveCfg = Debug|x86
		{071616AB-2CD3-41F8-BE11-A602C35049E6}.Debug|x86.Build.0 = Debug|x86
		{071616AB-2CD3-41F8-BE11-A602C35049E6}.Debug|x86.Deploy.0 = Debug|x86
		{071616AB-2CD3-41F8-BE11-A602C35049E6}.Release|Any CPU.ActiveCfg = Release|x86
		{071616AB-2CD3-41F8-BE11-A602C35049E6}.Release|Any CPU.Build.0 = Release|x86
		{071616AB-2CD3-41F8-BE11-A602C35049E6}.Release|Any CPU.Deploy.0 = Release|x86
		{071616AB-2CD3-41F8-BE11-A602C35049E6}.Release|ARM.ActiveCfg = Release|ARM
		{071616AB-2CD3-41F8-BE11-A602C35049E6}.Release|ARM.Build.0 = Release|ARM
		{071616AB-2CD3-41F8-BE11-A602C35049E6}.Release|ARM.Deploy.0 = Release|ARM
		{071616AB-2CD3-41F8-BE11-A602C35049E6}.Release|iPhone.ActiveCfg = Release|x86
		{071616AB-2CD3-41F8-BE11-A602C35049E6}.Release|iPhone.Build.0 = Release|x86
		{071616AB-2CD3-41F8-BE11-A602C35049E6}.Release|iPhone.Deploy.0 = Release|x86
		{071616AB-2CD3-41F8-BE11-A602C35049E6}.Release|iPhoneSimulator.ActiveCfg = Release|x86
		{071616AB-2CD3-41F8-BE11-A602C35049E6}.Release|iPhoneSimulator.Build.0 = Release|x86
		{071616AB-2CD3-41F8-BE11-A602C35049E6}.Release|iPhoneSimulator.Deploy.0 = Release|x86
		{071616AB-2CD3-41F8-BE11-A602C35049E6}.Release|x64.ActiveCfg = Release|x64
		{071616AB-2CD3-41F8-BE11-A602C35049E6}.Release|x64.Build.0 = Release|x64
		{071616AB-2CD3-41F8-BE11-A602C35049E6}.Release|x64.Deploy.0 = Release|x64
		{071616AB-2CD3-41F8-BE11-A602C35049E6}.Release|x86.ActiveCfg = Release|x86
		{071616AB-2CD3-41F8-BE11-A602C35049E6}.Release|x86.Build.0 = Release|x86
		{071616AB-2CD3-41F8-BE11-A602C35049E6}.Release|x86.Deploy.0 = Release|x86
		{C6DAED89-C08B-4434-9101-DA359A3C5C27}.Ad-Hoc|Any CPU.ActiveCfg = Debug|Any CPU
		{C6DAED89-C08B-4434-9101-DA359A3C5C27}.Ad-Hoc|Any CPU.Build.0 = Debug|Any CPU
		{C6DAED89-C08B-4434-9101-DA359A3C5C27}.Ad-Hoc|Any CPU.Deploy.0 = Debug|Any CPU
		{C6DAED89-C08B-4434-9101-DA359A3C5C27}.Ad-Hoc|ARM.ActiveCfg = Debug|Any CPU
		{C6DAED89-C08B-4434-9101-DA359A3C5C27}.Ad-Hoc|ARM.Build.0 = Debug|Any CPU
		{C6DAED89-C08B-4434-9101-DA359A3C5C27}.Ad-Hoc|ARM.Deploy.0 = Debug|Any CPU
		{C6DAED89-C08B-4434-9101-DA359A3C5C27}.Ad-Hoc|iPhone.ActiveCfg = Debug|Any CPU
		{C6DAED89-C08B-4434-9101-DA359A3C5C27}.Ad-Hoc|iPhone.Build.0 = Debug|Any CPU
		{C6DAED89-C08B-4434-9101-DA359A3C5C27}.Ad-Hoc|iPhone.Deploy.0 = Debug|Any CPU
		{C6DAED89-C08B-4434-9101-DA359A3C5C27}.Ad-Hoc|iPhoneSimulator.ActiveCfg = Debug|Any CPU
		{C6DAED89-C08B-4434-9101-DA359A3C5C27}.Ad-Hoc|iPhoneSimulator.Build.0 = Debug|Any CPU
		{C6DAED89-C08B-4434-9101-DA359A3C5C27}.Ad-Hoc|iPhoneSimulator.Deploy.0 = Debug|Any CPU
		{C6DAED89-C08B-4434-9101-DA359A3C5C27}.Ad-Hoc|x64.ActiveCfg = Debug|Any CPU
		{C6DAED89-C08B-4434-9101-DA359A3C5C27}.Ad-Hoc|x64.Build.0 = Debug|Any CPU
		{C6DAED89-C08B-4434-9101-DA359A3C5C27}.Ad-Hoc|x64.Deploy.0 = Debug|Any CPU
		{C6DAED89-C08B-4434-9101-DA359A3C5C27}.Ad-Hoc|x86.ActiveCfg = Debug|Any CPU
		{C6DAED89-C08B-4434-9101-DA359A3C5C27}.Ad-Hoc|x86.Build.0 = Debug|Any CPU
		{C6DAED89-C08B-4434-9101-DA359A3C5C27}.Ad-Hoc|x86.Deploy.0 = Debug|Any CPU
		{C6DAED89-C08B-4434-9101-DA359A3C5C27}.AppStore|Any CPU.ActiveCfg = Debug|Any CPU
		{C6DAED89-C08B-4434-9101-DA359A3C5C27}.AppStore|Any CPU.Build.0 = Debug|Any CPU
		{C6DAED89-C08B-4434-9101-DA359A3C5C27}.AppStore|Any CPU.Deploy.0 = Debug|Any CPU
		{C6DAED89-C08B-4434-9101-DA359A3C5C27}.AppStore|ARM.ActiveCfg = Debug|Any CPU
		{C6DAED89-C08B-4434-9101-DA359A3C5C27}.AppStore|ARM.Build.0 = Debug|Any CPU
		{C6DAED89-C08B-4434-9101-DA359A3C5C27}.AppStore|ARM.Deploy.0 = Debug|Any CPU
		{C6DAED89-C08B-4434-9101-DA359A3C5C27}.AppStore|iPhone.ActiveCfg = Debug|Any CPU
		{C6DAED89-C08B-4434-9101-DA359A3C5C27}.AppStore|iPhone.Build.0 = Debug|Any CPU
		{C6DAED89-C08B-4434-9101-DA359A3C5C27}.AppStore|iPhone.Deploy.0 = Debug|Any CPU
		{C6DAED89-C08B-4434-9101-DA359A3C5C27}.AppStore|iPhoneSimulator.ActiveCfg = Debug|Any CPU
		{C6DAED89-C08B-4434-9101-DA359A3C5C27}.AppStore|iPhoneSimulator.Build.0 = Debug|Any CPU
		{C6DAED89-C08B-4434-9101-DA359A3C5C27}.AppStore|iPhoneSimulator.Deploy.0 = Debug|Any CPU
		{C6DAED89-C08B-4434-9101-DA359A3C5C27}.AppStore|x64.ActiveCfg = Debug|Any CPU
		{C6DAED89-C08B-4434-9101-DA359A3C5C27}.AppStore|x64.Build.0 = Debug|Any CPU
		{C6DAED89-C08B-4434-9101-DA359A3C5C27}.AppStore|x64.Deploy.0 = Debug|Any CPU
		{C6DAED89-C08B-4434-9101-DA359A3C5C27}.AppStore|x86.ActiveCfg = Debug|Any CPU
		{C6DAED89-C08B-4434-9101-DA359A3C5C27}.AppStore|x86.Build.0 = Debug|Any CPU
		{C6DAED89-C08B-4434-9101-DA359A3C5C27}.AppStore|x86.Deploy.0 = Debug|Any CPU
		{C6DAED89-C08B-4434-9101-DA359A3C5C27}.Debug|Any CPU.ActiveCfg = Debug|Any CPU
		{C6DAED89-C08B-4434-9101-DA359A3C5C27}.Debug|Any CPU.Build.0 = Debug|Any CPU
		{C6DAED89-C08B-4434-9101-DA359A3C5C27}.Debug|Any CPU.Deploy.0 = Debug|Any CPU
		{C6DAED89-C08B-4434-9101-DA359A3C5C27}.Debug|ARM.ActiveCfg = Debug|Any CPU
		{C6DAED89-C08B-4434-9101-DA359A3C5C27}.Debug|ARM.Build.0 = Debug|Any CPU
		{C6DAED89-C08B-4434-9101-DA359A3C5C27}.Debug|ARM.Deploy.0 = Debug|Any CPU
		{C6DAED89-C08B-4434-9101-DA359A3C5C27}.Debug|iPhone.ActiveCfg = Debug|Any CPU
		{C6DAED89-C08B-4434-9101-DA359A3C5C27}.Debug|iPhone.Build.0 = Debug|Any CPU
		{C6DAED89-C08B-4434-9101-DA359A3C5C27}.Debug|iPhone.Deploy.0 = Debug|Any CPU
		{C6DAED89-C08B-4434-9101-DA359A3C5C27}.Debug|iPhoneSimulator.ActiveCfg = Debug|Any CPU
		{C6DAED89-C08B-4434-9101-DA359A3C5C27}.Debug|iPhoneSimulator.Build.0 = Debug|Any CPU
		{C6DAED89-C08B-4434-9101-DA359A3C5C27}.Debug|iPhoneSimulator.Deploy.0 = Debug|Any CPU
		{C6DAED89-C08B-4434-9101-DA359A3C5C27}.Debug|x64.ActiveCfg = Debug|Any CPU
		{C6DAED89-C08B-4434-9101-DA359A3C5C27}.Debug|x64.Build.0 = Debug|Any CPU
		{C6DAED89-C08B-4434-9101-DA359A3C5C27}.Debug|x64.Deploy.0 = Debug|Any CPU
		{C6DAED89-C08B-4434-9101-DA359A3C5C27}.Debug|x86.ActiveCfg = Debug|Any CPU
		{C6DAED89-C08B-4434-9101-DA359A3C5C27}.Debug|x86.Build.0 = Debug|Any CPU
		{C6DAED89-C08B-4434-9101-DA359A3C5C27}.Debug|x86.Deploy.0 = Debug|Any CPU
		{C6DAED89-C08B-4434-9101-DA359A3C5C27}.Release|Any CPU.ActiveCfg = Release|Any CPU
		{C6DAED89-C08B-4434-9101-DA359A3C5C27}.Release|Any CPU.Build.0 = Release|Any CPU
		{C6DAED89-C08B-4434-9101-DA359A3C5C27}.Release|Any CPU.Deploy.0 = Release|Any CPU
		{C6DAED89-C08B-4434-9101-DA359A3C5C27}.Release|ARM.ActiveCfg = Release|Any CPU
		{C6DAED89-C08B-4434-9101-DA359A3C5C27}.Release|ARM.Build.0 = Release|Any CPU
		{C6DAED89-C08B-4434-9101-DA359A3C5C27}.Release|ARM.Deploy.0 = Release|Any CPU
		{C6DAED89-C08B-4434-9101-DA359A3C5C27}.Release|iPhone.ActiveCfg = Release|Any CPU
		{C6DAED89-C08B-4434-9101-DA359A3C5C27}.Release|iPhone.Build.0 = Release|Any CPU
		{C6DAED89-C08B-4434-9101-DA359A3C5C27}.Release|iPhone.Deploy.0 = Release|Any CPU
		{C6DAED89-C08B-4434-9101-DA359A3C5C27}.Release|iPhoneSimulator.ActiveCfg = Release|Any CPU
		{C6DAED89-C08B-4434-9101-DA359A3C5C27}.Release|iPhoneSimulator.Build.0 = Release|Any CPU
		{C6DAED89-C08B-4434-9101-DA359A3C5C27}.Release|iPhoneSimulator.Deploy.0 = Release|Any CPU
		{C6DAED89-C08B-4434-9101-DA359A3C5C27}.Release|x64.ActiveCfg = Release|Any CPU
		{C6DAED89-C08B-4434-9101-DA359A3C5C27}.Release|x64.Build.0 = Release|Any CPU
		{C6DAED89-C08B-4434-9101-DA359A3C5C27}.Release|x64.Deploy.0 = Release|Any CPU
		{C6DAED89-C08B-4434-9101-DA359A3C5C27}.Release|x86.ActiveCfg = Release|Any CPU
		{C6DAED89-C08B-4434-9101-DA359A3C5C27}.Release|x86.Build.0 = Release|Any CPU
		{C6DAED89-C08B-4434-9101-DA359A3C5C27}.Release|x86.Deploy.0 = Release|Any CPU
	EndGlobalSection
	GlobalSection(SolutionProperties) = preSolution
		HideSolutionNode = FALSE
	EndGlobalSection
	GlobalSection(ExtensibilityGlobals) = postSolution
		SolutionGuid = {9D4FE411-2088-43F2-A222-A56A8439FA2C}
	EndGlobalSection
EndGlobal
