
Microsoft Visual Studio Solution File, Format Version 12.00
# Visual Studio 15
VisualStudioVersion = 15.0.28307.329
MinimumVisualStudioVersion = 10.0.40219.1
Project("{FAE04EC0-301F-11D3-BF4B-00C04F79EFBC}") = "App5.Android", "App5\App5.Android\App5.Android.csproj", "{F2FB0266-13D6-4C2D-91F7-9FDF72BFD7D0}"
EndProject
Project("{FAE04EC0-301F-11D3-BF4B-00C04F79EFBC}") = "App5.iOS", "App5\App5.iOS\App5.iOS.csproj", "{D1B2CAFC-5A06-4E00-AE4F-B12891A694F5}"
EndProject
Project("{FAE04EC0-301F-11D3-BF4B-00C04F79EFBC}") = "App5", "App5\App5\App5.csproj", "{96F6F6DC-6B00-4A5A-BEBB-8EB50CED55A2}"
EndProject
Global
	GlobalSection(SolutionConfigurationPlatforms) = preSolution
		Ad-Hoc|Any CPU = Ad-Hoc|Any CPU
		Ad-Hoc|iPhone = Ad-Hoc|iPhone
		Ad-Hoc|iPhoneSimulator = Ad-Hoc|iPhoneSimulator
		AppStore|Any CPU = AppStore|Any CPU
		AppStore|iPhone = AppStore|iPhone
		AppStore|iPhoneSimulator = AppStore|iPhoneSimulator
		Debug|Any CPU = Debug|Any CPU
		Debug|iPhone = Debug|iPhone
		Debug|iPhoneSimulator = Debug|iPhoneSimulator
		Release|Any CPU = Release|Any CPU
		Release|iPhone = Release|iPhone
		Release|iPhoneSimulator = Release|iPhoneSimulator
	EndGlobalSection
	GlobalSection(ProjectConfigurationPlatforms) = postSolution
		{F2FB0266-13D6-4C2D-91F7-9FDF72BFD7D0}.Ad-Hoc|Any CPU.ActiveCfg = Release|Any CPU
		{F2FB0266-13D6-4C2D-91F7-9FDF72BFD7D0}.Ad-Hoc|Any CPU.Build.0 = Release|Any CPU
		{F2FB0266-13D6-4C2D-91F7-9FDF72BFD7D0}.Ad-Hoc|Any CPU.Deploy.0 = Release|Any CPU
		{F2FB0266-13D6-4C2D-91F7-9FDF72BFD7D0}.Ad-Hoc|iPhone.ActiveCfg = Release|Any CPU
		{F2FB0266-13D6-4C2D-91F7-9FDF72BFD7D0}.Ad-Hoc|iPhone.Build.0 = Release|Any CPU
		{F2FB0266-13D6-4C2D-91F7-9FDF72BFD7D0}.Ad-Hoc|iPhone.Deploy.0 = Release|Any CPU
		{F2FB0266-13D6-4C2D-91F7-9FDF72BFD7D0}.Ad-Hoc|iPhoneSimulator.ActiveCfg = Release|Any CPU
		{F2FB0266-13D6-4C2D-91F7-9FDF72BFD7D0}.Ad-Hoc|iPhoneSimulator.Build.0 = Release|Any CPU
		{F2FB0266-13D6-4C2D-91F7-9FDF72BFD7D0}.Ad-Hoc|iPhoneSimulator.Deploy.0 = Release|Any CPU
		{F2FB0266-13D6-4C2D-91F7-9FDF72BFD7D0}.AppStore|Any CPU.ActiveCfg = Release|Any CPU
		{F2FB0266-13D6-4C2D-91F7-9FDF72BFD7D0}.AppStore|Any CPU.Build.0 = Release|Any CPU
		{F2FB0266-13D6-4C2D-91F7-9FDF72BFD7D0}.AppStore|Any CPU.Deploy.0 = Release|Any CPU
		{F2FB0266-13D6-4C2D-91F7-9FDF72BFD7D0}.AppStore|iPhone.ActiveCfg = Release|Any CPU
		{F2FB0266-13D6-4C2D-91F7-9FDF72BFD7D0}.AppStore|iPhone.Build.0 = Release|Any CPU
		{F2FB0266-13D6-4C2D-91F7-9FDF72BFD7D0}.AppStore|iPhone.Deploy.0 = Release|Any CPU
		{F2FB0266-13D6-4C2D-91F7-9FDF72BFD7D0}.AppStore|iPhoneSimulator.ActiveCfg = Release|Any CPU
		{F2FB0266-13D6-4C2D-91F7-9FDF72BFD7D0}.AppStore|iPhoneSimulator.Build.0 = Release|Any CPU
		{F2FB0266-13D6-4C2D-91F7-9FDF72BFD7D0}.AppStore|iPhoneSimulator.Deploy.0 = Release|Any CPU
		{F2FB0266-13D6-4C2D-91F7-9FDF72BFD7D0}.Debug|Any CPU.ActiveCfg = Debug|Any CPU
		{F2FB0266-13D6-4C2D-91F7-9FDF72BFD7D0}.Debug|Any CPU.Build.0 = Debug|Any CPU
		{F2FB0266-13D6-4C2D-91F7-9FDF72BFD7D0}.Debug|Any CPU.Deploy.0 = Debug|Any CPU
		{F2FB0266-13D6-4C2D-91F7-9FDF72BFD7D0}.Debug|iPhone.ActiveCfg = Debug|Any CPU
		{F2FB0266-13D6-4C2D-91F7-9FDF72BFD7D0}.Debug|iPhone.Build.0 = Debug|Any CPU
		{F2FB0266-13D6-4C2D-91F7-9FDF72BFD7D0}.Debug|iPhone.Deploy.0 = Debug|Any CPU
		{F2FB0266-13D6-4C2D-91F7-9FDF72BFD7D0}.Debug|iPhoneSimulator.ActiveCfg = Debug|Any CPU
		{F2FB0266-13D6-4C2D-91F7-9FDF72BFD7D0}.Debug|iPhoneSimulator.Build.0 = Debug|Any CPU
		{F2FB0266-13D6-4C2D-91F7-9FDF72BFD7D0}.Debug|iPhoneSimulator.Deploy.0 = Debug|Any CPU
		{F2FB0266-13D6-4C2D-91F7-9FDF72BFD7D0}.Release|Any CPU.ActiveCfg = Release|Any CPU
		{F2FB0266-13D6-4C2D-91F7-9FDF72BFD7D0}.Release|Any CPU.Build.0 = Release|Any CPU
		{F2FB0266-13D6-4C2D-91F7-9FDF72BFD7D0}.Release|Any CPU.Deploy.0 = Release|Any CPU
		{F2FB0266-13D6-4C2D-91F7-9FDF72BFD7D0}.Release|iPhone.ActiveCfg = Release|Any CPU
		{F2FB0266-13D6-4C2D-91F7-9FDF72BFD7D0}.Release|iPhone.Build.0 = Release|Any CPU
		{F2FB0266-13D6-4C2D-91F7-9FDF72BFD7D0}.Release|iPhone.Deploy.0 = Release|Any CPU
		{F2FB0266-13D6-4C2D-91F7-9FDF72BFD7D0}.Release|iPhoneSimulator.ActiveCfg = Release|Any CPU
		{F2FB0266-13D6-4C2D-91F7-9FDF72BFD7D0}.Release|iPhoneSimulator.Build.0 = Release|Any CPU
		{F2FB0266-13D6-4C2D-91F7-9FDF72BFD7D0}.Release|iPhoneSimulator.Deploy.0 = Release|Any CPU
		{D1B2CAFC-5A06-4E00-AE4F-B12891A694F5}.Ad-Hoc|Any CPU.ActiveCfg = Ad-Hoc|iPhone
		{D1B2CAFC-5A06-4E00-AE4F-B12891A694F5}.Ad-Hoc|Any CPU.Build.0 = Ad-Hoc|iPhone
		{D1B2CAFC-5A06-4E00-AE4F-B12891A694F5}.Ad-Hoc|Any CPU.Deploy.0 = Ad-Hoc|iPhone
		{D1B2CAFC-5A06-4E00-AE4F-B12891A694F5}.Ad-Hoc|iPhone.ActiveCfg = Ad-Hoc|iPhone
		{D1B2CAFC-5A06-4E00-AE4F-B12891A694F5}.Ad-Hoc|iPhone.Build.0 = Ad-Hoc|iPhone
		{D1B2CAFC-5A06-4E00-AE4F-B12891A694F5}.Ad-Hoc|iPhone.Deploy.0 = Ad-Hoc|iPhone
		{D1B2CAFC-5A06-4E00-AE4F-B12891A694F5}.Ad-Hoc|iPhoneSimulator.ActiveCfg = Ad-Hoc|iPhoneSimulator
		{D1B2CAFC-5A06-4E00-AE4F-B12891A694F5}.Ad-Hoc|iPhoneSimulator.Build.0 = Ad-Hoc|iPhoneSimulator
		{D1B2CAFC-5A06-4E00-AE4F-B12891A694F5}.Ad-Hoc|iPhoneSimulator.Deploy.0 = Ad-Hoc|iPhoneSimulator
		{D1B2CAFC-5A06-4E00-AE4F-B12891A694F5}.AppStore|Any CPU.ActiveCfg = AppStore|iPhone
		{D1B2CAFC-5A06-4E00-AE4F-B12891A694F5}.AppStore|Any CPU.Build.0 = AppStore|iPhone
		{D1B2CAFC-5A06-4E00-AE4F-B12891A694F5}.AppStore|Any CPU.Deploy.0 = AppStore|iPhone
		{D1B2CAFC-5A06-4E00-AE4F-B12891A694F5}.AppStore|iPhone.ActiveCfg = AppStore|iPhone
		{D1B2CAFC-5A06-4E00-AE4F-B12891A694F5}.AppStore|iPhone.Build.0 = AppStore|iPhone
		{D1B2CAFC-5A06-4E00-AE4F-B12891A694F5}.AppStore|iPhone.Deploy.0 = AppStore|iPhone
		{D1B2CAFC-5A06-4E00-AE4F-B12891A694F5}.AppStore|iPhoneSimulator.ActiveCfg = AppStore|iPhoneSimulator
		{D1B2CAFC-5A06-4E00-AE4F-B12891A694F5}.AppStore|iPhoneSimulator.Build.0 = AppStore|iPhoneSimulator
		{D1B2CAFC-5A06-4E00-AE4F-B12891A694F5}.AppStore|iPhoneSimulator.Deploy.0 = AppStore|iPhoneSimulator
		{D1B2CAFC-5A06-4E00-AE4F-B12891A694F5}.Debug|Any CPU.ActiveCfg = Debug|iPhoneSimulator
		{D1B2CAFC-5A06-4E00-AE4F-B12891A694F5}.Debug|Any CPU.Build.0 = Debug|iPhoneSimulator
		{D1B2CAFC-5A06-4E00-AE4F-B12891A694F5}.Debug|Any CPU.Deploy.0 = Debug|iPhoneSimulator
		{D1B2CAFC-5A06-4E00-AE4F-B12891A694F5}.Debug|iPhone.ActiveCfg = Debug|iPhone
		{D1B2CAFC-5A06-4E00-AE4F-B12891A694F5}.Debug|iPhone.Build.0 = Debug|iPhone
		{D1B2CAFC-5A06-4E00-AE4F-B12891A694F5}.Debug|iPhone.Deploy.0 = Debug|iPhone
		{D1B2CAFC-5A06-4E00-AE4F-B12891A694F5}.Debug|iPhoneSimulator.ActiveCfg = Debug|iPhoneSimulator
		{D1B2CAFC-5A06-4E00-AE4F-B12891A694F5}.Debug|iPhoneSimulator.Build.0 = Debug|iPhoneSimulator
		{D1B2CAFC-5A06-4E00-AE4F-B12891A694F5}.Debug|iPhoneSimulator.Deploy.0 = Debug|iPhoneSimulator
		{D1B2CAFC-5A06-4E00-AE4F-B12891A694F5}.Release|Any CPU.ActiveCfg = Release|iPhone
		{D1B2CAFC-5A06-4E00-AE4F-B12891A694F5}.Release|Any CPU.Build.0 = Release|iPhone
		{D1B2CAFC-5A06-4E00-AE4F-B12891A694F5}.Release|Any CPU.Deploy.0 = Release|iPhone
		{D1B2CAFC-5A06-4E00-AE4F-B12891A694F5}.Release|iPhone.ActiveCfg = Release|iPhone
		{D1B2CAFC-5A06-4E00-AE4F-B12891A694F5}.Release|iPhone.Build.0 = Release|iPhone
		{D1B2CAFC-5A06-4E00-AE4F-B12891A694F5}.Release|iPhone.Deploy.0 = Release|iPhone
		{D1B2CAFC-5A06-4E00-AE4F-B12891A694F5}.Release|iPhoneSimulator.ActiveCfg = Release|iPhoneSimulator
		{D1B2CAFC-5A06-4E00-AE4F-B12891A694F5}.Release|iPhoneSimulator.Build.0 = Release|iPhoneSimulator
		{D1B2CAFC-5A06-4E00-AE4F-B12891A694F5}.Release|iPhoneSimulator.Deploy.0 = Release|iPhoneSimulator
		{96F6F6DC-6B00-4A5A-BEBB-8EB50CED55A2}.Ad-Hoc|Any CPU.ActiveCfg = Debug|Any CPU
		{96F6F6DC-6B00-4A5A-BEBB-8EB50CED55A2}.Ad-Hoc|Any CPU.Build.0 = Debug|Any CPU
		{96F6F6DC-6B00-4A5A-BEBB-8EB50CED55A2}.Ad-Hoc|Any CPU.Deploy.0 = Debug|Any CPU
		{96F6F6DC-6B00-4A5A-BEBB-8EB50CED55A2}.Ad-Hoc|iPhone.ActiveCfg = Debug|Any CPU
		{96F6F6DC-6B00-4A5A-BEBB-8EB50CED55A2}.Ad-Hoc|iPhone.Build.0 = Debug|Any CPU
		{96F6F6DC-6B00-4A5A-BEBB-8EB50CED55A2}.Ad-Hoc|iPhone.Deploy.0 = Debug|Any CPU
		{96F6F6DC-6B00-4A5A-BEBB-8EB50CED55A2}.Ad-Hoc|iPhoneSimulator.ActiveCfg = Debug|Any CPU
		{96F6F6DC-6B00-4A5A-BEBB-8EB50CED55A2}.Ad-Hoc|iPhoneSimulator.Build.0 = Debug|Any CPU
		{96F6F6DC-6B00-4A5A-BEBB-8EB50CED55A2}.Ad-Hoc|iPhoneSimulator.Deploy.0 = Debug|Any CPU
		{96F6F6DC-6B00-4A5A-BEBB-8EB50CED55A2}.AppStore|Any CPU.ActiveCfg = Debug|Any CPU
		{96F6F6DC-6B00-4A5A-BEBB-8EB50CED55A2}.AppStore|Any CPU.Build.0 = Debug|Any CPU
		{96F6F6DC-6B00-4A5A-BEBB-8EB50CED55A2}.AppStore|Any CPU.Deploy.0 = Debug|Any CPU
		{96F6F6DC-6B00-4A5A-BEBB-8EB50CED55A2}.AppStore|iPhone.ActiveCfg = Debug|Any CPU
		{96F6F6DC-6B00-4A5A-BEBB-8EB50CED55A2}.AppStore|iPhone.Build.0 = Debug|Any CPU
		{96F6F6DC-6B00-4A5A-BEBB-8EB50CED55A2}.AppStore|iPhone.Deploy.0 = Debug|Any CPU
		{96F6F6DC-6B00-4A5A-BEBB-8EB50CED55A2}.AppStore|iPhoneSimulator.ActiveCfg = Debug|Any CPU
		{96F6F6DC-6B00-4A5A-BEBB-8EB50CED55A2}.AppStore|iPhoneSimulator.Build.0 = Debug|Any CPU
		{96F6F6DC-6B00-4A5A-BEBB-8EB50CED55A2}.AppStore|iPhoneSimulator.Deploy.0 = Debug|Any CPU
		{96F6F6DC-6B00-4A5A-BEBB-8EB50CED55A2}.Debug|Any CPU.ActiveCfg = Debug|Any CPU
		{96F6F6DC-6B00-4A5A-BEBB-8EB50CED55A2}.Debug|Any CPU.Build.0 = Debug|Any CPU
		{96F6F6DC-6B00-4A5A-BEBB-8EB50CED55A2}.Debug|Any CPU.Deploy.0 = Debug|Any CPU
		{96F6F6DC-6B00-4A5A-BEBB-8EB50CED55A2}.Debug|iPhone.ActiveCfg = Debug|Any CPU
		{96F6F6DC-6B00-4A5A-BEBB-8EB50CED55A2}.Debug|iPhone.Build.0 = Debug|Any CPU
		{96F6F6DC-6B00-4A5A-BEBB-8EB50CED55A2}.Debug|iPhone.Deploy.0 = Debug|Any CPU
		{96F6F6DC-6B00-4A5A-BEBB-8EB50CED55A2}.Debug|iPhoneSimulator.ActiveCfg = Debug|Any CPU
		{96F6F6DC-6B00-4A5A-BEBB-8EB50CED55A2}.Debug|iPhoneSimulator.Build.0 = Debug|Any CPU
		{96F6F6DC-6B00-4A5A-BEBB-8EB50CED55A2}.Debug|iPhoneSimulator.Deploy.0 = Debug|Any CPU
		{96F6F6DC-6B00-4A5A-BEBB-8EB50CED55A2}.Release|Any CPU.ActiveCfg = Release|Any CPU
		{96F6F6DC-6B00-4A5A-BEBB-8EB50CED55A2}.Release|Any CPU.Build.0 = Release|Any CPU
		{96F6F6DC-6B00-4A5A-BEBB-8EB50CED55A2}.Release|Any CPU.Deploy.0 = Release|Any CPU
		{96F6F6DC-6B00-4A5A-BEBB-8EB50CED55A2}.Release|iPhone.ActiveCfg = Release|Any CPU
		{96F6F6DC-6B00-4A5A-BEBB-8EB50CED55A2}.Release|iPhone.Build.0 = Release|Any CPU
		{96F6F6DC-6B00-4A5A-BEBB-8EB50CED55A2}.Release|iPhone.Deploy.0 = Release|Any CPU
		{96F6F6DC-6B00-4A5A-BEBB-8EB50CED55A2}.Release|iPhoneSimulator.ActiveCfg = Release|Any CPU
		{96F6F6DC-6B00-4A5A-BEBB-8EB50CED55A2}.Release|iPhoneSimulator.Build.0 = Release|Any CPU
		{96F6F6DC-6B00-4A5A-BEBB-8EB50CED55A2}.Release|iPhoneSimulator.Deploy.0 = Release|Any CPU
	EndGlobalSection
	GlobalSection(SolutionProperties) = preSolution
		HideSolutionNode = FALSE
	EndGlobalSection
	GlobalSection(ExtensibilityGlobals) = postSolution
		SolutionGuid = {64D55D81-D990-477B-8787-ED6BF5BD6125}
	EndGlobalSection
EndGlobal
